
Microsoft Visual Studio Solution File, Format Version 12.00
# Visual Studio 15
VisualStudioVersion = 15.0.28307.852
MinimumVisualStudioVersion = 10.0.40219.1
Project("{FAE04EC0-301F-11D3-BF4B-00C04F79EFBC}") = "EXAMPLE01", "EXAMPLE01\EXAMPLE01.csproj", "{5D9C6EC7-17FA-4852-BF6E-AB9DDE5607D4}"
EndProject
Project("{FAE04EC0-301F-11D3-BF4B-00C04F79EFBC}") = "EXAMPLE02_cout", "EXAMPLE02_cout\EXAMPLE02_cout.csproj", "{F261EA2E-A12E-45C9-98DE-66E7DBE4D731}"
EndProject
Project("{FAE04EC0-301F-11D3-BF4B-00C04F79EFBC}") = "EXAMPLE03", "EXAMPLE03\EXAMPLE03.csproj", "{9A1F865E-BBFC-4735-BD98-316C2141C960}"
EndProject
Project("{FAE04EC0-301F-11D3-BF4B-00C04F79EFBC}") = "EXAMPLE2_4_1", "EXAMPLE2_4_1\EXAMPLE2_4_1.csproj", "{03421A7B-9985-451D-8076-0082B9CD294D}"
EndProject
Project("{FAE04EC0-301F-11D3-BF4B-00C04F79EFBC}") = "EXAMPLE3_2_05", "EXAMPLE3_2_05\EXAMPLE3_2_05.csproj", "{CF7F4585-DC33-4049-BECF-02BA66EB9C9D}"
EndProject
Project("{FAE04EC0-301F-11D3-BF4B-00C04F79EFBC}") = "EXAMPLE5_2_05", "EXAMPLE5_2_05\EXAMPLE5_2_05.csproj", "{72363F41-4CC6-4D32-B43E-EC1E4BF96CF4}"
EndProject
Project("{FAE04EC0-301F-11D3-BF4B-00C04F79EFBC}") = "EXAMPLE5_5_02", "EXAMPLE5_5_02\EXAMPLE5_5_02.csproj", "{24F6A7BE-3E6A-4CDD-BC68-18D7E6E7DDE6}"
EndProject
Project("{FAE04EC0-301F-11D3-BF4B-00C04F79EFBC}") = "EXAMPLE5_8_1", "EXAMPLE5_8_1\EXAMPLE5_8_1.csproj", "{634012EB-D513-4B32-9878-882166B11CEC}"
EndProject
Project("{FAE04EC0-301F-11D3-BF4B-00C04F79EFBC}") = "EXAMPLE5_9_", "EXAMPLE5_9_\EXAMPLE5_9_.csproj", "{5266C7AB-F822-4929-A1B7-3D839D15157E}"
EndProject
Project("{FAE04EC0-301F-11D3-BF4B-00C04F79EFBC}") = "EXAMPLE6_3_1", "EXAMPLE6_3_1\EXAMPLE6_3_1.csproj", "{7BC35499-5F15-4CB3-A71B-4446E501C26E}"
EndProject
Project("{FAE04EC0-301F-11D3-BF4B-00C04F79EFBC}") = "EXAMPLE6_5_1", "EXAMPLE6_5_1\EXAMPLE6_5_1.csproj", "{76DF2D7C-0922-4E08-997E-4FFEF885BD91}"
EndProject
Project("{FAE04EC0-301F-11D3-BF4B-00C04F79EFBC}") = "EXAMPLE6_6", "EXAMPLE6_6\EXAMPLE6_6.csproj", "{04147B9A-606B-4B1B-B940-EA103FD3A640}"
EndProject
Project("{FAE04EC0-301F-11D3-BF4B-00C04F79EFBC}") = "EXAMPLE6_7", "EXAMPLE6_7\EXAMPLE6_7.csproj", "{03CC1301-67E7-45CF-A72D-803C817D7887}"
EndProject
Project("{FAE04EC0-301F-11D3-BF4B-00C04F79EFBC}") = "EXAMPLE6_7_2", "EXAMPLE6_7_2\EXAMPLE6_7_2.csproj", "{12E69073-66FA-40A6-80BA-E9AFCB751626}"
EndProject
Project("{FAE04EC0-301F-11D3-BF4B-00C04F79EFBC}") = "EXAMPLE6_8", "EXAMPLE6_8\EXAMPLE6_8.csproj", "{23104EA3-74C5-4E8A-B010-F29CAADA9C3F}"
EndProject
Project("{FAE04EC0-301F-11D3-BF4B-00C04F79EFBC}") = "EXAMPLE7_2", "EXAMPLE7_2\EXAMPLE7_2.csproj", "{F251767F-9B07-4C2C-9AFA-49D48F8786C0}"
EndProject
Project("{FAE04EC0-301F-11D3-BF4B-00C04F79EFBC}") = "EXAMPLE7_3", "EXAMPLE7_3\EXAMPLE7_3.csproj", "{911A8A43-778E-49C6-852E-32B26A4DB962}"
EndProject
Project("{FAE04EC0-301F-11D3-BF4B-00C04F79EFBC}") = "EXAMPLE8_2", "EXAMPLE8_2\EXAMPLE8_2.csproj", "{232F66F9-6AEF-4C47-B19C-1FD0AABA5A91}"
EndProject
Project("{FAE04EC0-301F-11D3-BF4B-00C04F79EFBC}") = "EXAMPLE8_3", "EXAMPLE8_3\EXAMPLE8_3.csproj", "{089643DD-F90C-4669-B754-C016C9B548ED}"
EndProject
Project("{FAE04EC0-301F-11D3-BF4B-00C04F79EFBC}") = "EXAMPLE8_4", "EXAMPLE8_4\EXAMPLE8_4.csproj", "{BA5F40B4-69D8-4B0B-B01D-AC0BEB543DC4}"
EndProject
Project("{FAE04EC0-301F-11D3-BF4B-00C04F79EFBC}") = "EXAMPLE8_5", "EXAMPLE8_5\EXAMPLE8_5.csproj", "{6F3B0DEB-8C8E-4A20-BD95-B8A4D4B04554}"
EndProject
Project("{FAE04EC0-301F-11D3-BF4B-00C04F79EFBC}") = "EXAMPLE8_6", "EXAMPLE8_6\EXAMPLE8_6.csproj", "{E508A60A-6BA3-4F37-8F7D-F71BA01FF207}"
EndProject
Project("{FAE04EC0-301F-11D3-BF4B-00C04F79EFBC}") = "EXAMPLE9_2", "EXAMPLE9_2\EXAMPLE9_2.csproj", "{A8A7B5CE-CD83-408D-92B8-EAA97179CBFD}"
EndProject
Project("{FAE04EC0-301F-11D3-BF4B-00C04F79EFBC}") = "EXAMPLE9_3", "EXAMPLE9_3\EXAMPLE9_3.csproj", "{29D103D1-F9B7-4B22-819F-5AE28B3A4BD0}"
EndProject
Project("{FAE04EC0-301F-11D3-BF4B-00C04F79EFBC}") = "EXAMPLE9_4", "EXAMPLE9_4\EXAMPLE9_4.csproj", "{674F1BCA-96F9-4884-AF80-7781698C040D}"
EndProject
Project("{FAE04EC0-301F-11D3-BF4B-00C04F79EFBC}") = "EXAMPLE9_5", "EXAMPLE9_5\EXAMPLE9_5.csproj", "{E4FD8408-3660-46D2-B65A-4BADE7FBA0D8}"
EndProject
Project("{FAE04EC0-301F-11D3-BF4B-00C04F79EFBC}") = "EXAMPLE9_6", "EXAMPLE9_6\EXAMPLE9_6.csproj", "{6980FAC3-DC9B-4472-B366-E91C96A2B5C7}"
EndProject
Project("{FAE04EC0-301F-11D3-BF4B-00C04F79EFBC}") = "EXAMPLE11_2", "EXAMPLE11_2\EXAMPLE11_2.csproj", "{D47EE810-E897-4F7C-B84E-0097149F7E38}"
EndProject
Project("{FAE04EC0-301F-11D3-BF4B-00C04F79EFBC}") = "EXAMPLE11_3", "EXAMPLE11_3\EXAMPLE11_3.csproj", "{24293E01-946B-4344-AF24-02B492DA4A0D}"
EndProject
Project("{FAE04EC0-301F-11D3-BF4B-00C04F79EFBC}") = "EXAMPLE11_4", "EXAMPLE11_4\EXAMPLE11_4.csproj", "{0C2E2465-8F9D-44E2-BC59-012C3542D029}"
EndProject
Project("{FAE04EC0-301F-11D3-BF4B-00C04F79EFBC}") = "EXAMPLE11_5", "EXAMPLE11_5\EXAMPLE11_5.csproj", "{7A74A294-2AEC-47DE-A453-70EC629A7CDD}"
EndProject
Project("{FAE04EC0-301F-11D3-BF4B-00C04F79EFBC}") = "EXAMPLE10_2", "EXAMPLE10_2\EXAMPLE10_2.csproj", "{905F0E2E-5D3A-4C16-872C-174D2095C011}"
EndProject
Project("{FAE04EC0-301F-11D3-BF4B-00C04F79EFBC}") = "EXAMPLE10_3", "EXAMPLE10_3\EXAMPLE10_3.csproj", "{BADE25A9-2DC4-44FC-9C6D-98AC31E32FAE}"
EndProject
Project("{FAE04EC0-301F-11D3-BF4B-00C04F79EFBC}") = "EXAMPLE12_2_copy", "EXAMPLE12_2_copy\EXAMPLE12_2_copy.csproj", "{BAB769B8-AE48-4335-A821-16AD8808B569}"
EndProject
Project("{FAE04EC0-301F-11D3-BF4B-00C04F79EFBC}") = "EXAMPLE12_4", "EXAMPLE12_4\EXAMPLE12_4.csproj", "{5482B8B3-F269-4F5D-92C7-E1AEBF21AA2C}"
EndProject
Project("{FAE04EC0-301F-11D3-BF4B-00C04F79EFBC}") = "EXAMPLE12_5", "EXAMPLE12_5\EXAMPLE12_5.csproj", "{0425C26E-09C1-4D7B-B2ED-5B2665B4C664}"
EndProject
Project("{FAE04EC0-301F-11D3-BF4B-00C04F79EFBC}") = "EXAMPLE12_6", "EXAMPLE12_6\EXAMPLE12_6.csproj", "{FFC6F9FD-9057-4FEB-BDD2-6F0FCF11AE8E}"
EndProject
Project("{FAE04EC0-301F-11D3-BF4B-00C04F79EFBC}") = "EXAMPLE12_7", "EXAMPLE12_7\EXAMPLE12_7.csproj", "{2A1CF0F9-7D4C-4BAA-A358-E9BF4F9833D1}"
EndProject
Project("{FAE04EC0-301F-11D3-BF4B-00C04F79EFBC}") = "EXAMPLE13_2", "EXAMPLE13_2\EXAMPLE13_2.csproj", "{9C829D27-C537-4803-8DB7-5253917BCB8D}"
EndProject
Project("{FAE04EC0-301F-11D3-BF4B-00C04F79EFBC}") = "EXAMPLE13_3", "EXAMPLE13_3\EXAMPLE13_3.csproj", "{5151F1E4-32F2-41B8-AE4A-0858AA2F3CF1}"
EndProject
Project("{FAE04EC0-301F-11D3-BF4B-00C04F79EFBC}") = "EXAMPLE14_2", "EXAMPLE14_2\EXAMPLE14_2.csproj", "{C37170B5-D01C-44AD-8369-A5FE8B38259B}"
EndProject
Project("{FAE04EC0-301F-11D3-BF4B-00C04F79EFBC}") = "EXAMPLE14_3", "EXAMPLE14_3\EXAMPLE14_3.csproj", "{39A3BC08-B9E6-4F93-BCC0-104382E97B3F}"
EndProject
Project("{FAE04EC0-301F-11D3-BF4B-00C04F79EFBC}") = "EXAMPLE14_5", "EXAMPLE14_5\EXAMPLE14_5.csproj", "{7F3BC841-DFF2-46B1-AC56-6DE6764ACB11}"
EndProject
Project("{FAE04EC0-301F-11D3-BF4B-00C04F79EFBC}") = "EXAMPLE15_4", "EXAMPLE15_4\EXAMPLE15_4.csproj", "{A69E130D-7561-45D7-9C4F-4392F35D2DC6}"
EndProject
Project("{FAE04EC0-301F-11D3-BF4B-00C04F79EFBC}") = "EXAMPLE15_4_2", "EXAMPLE15_4_2\EXAMPLE15_4_2.csproj", "{028F20CB-E436-49FB-9337-969B01B7303E}"
EndProject
Project("{FAE04EC0-301F-11D3-BF4B-00C04F79EFBC}") = "EXAMPLE15_4_3", "EXAMPLE15_4_3\EXAMPLE15_4_3.csproj", "{457618B6-AC65-4164-9A20-9248FB575EAF}"
EndProject
Project("{FAE04EC0-301F-11D3-BF4B-00C04F79EFBC}") = "EXAMPLE15_5", "EXAMPLE15_5\EXAMPLE15_5.csproj", "{AA96DF89-5D1F-420A-935D-051DA2C009DC}"
EndProject
Global
	GlobalSection(SolutionConfigurationPlatforms) = preSolution
		Debug|Any CPU = Debug|Any CPU
		Release|Any CPU = Release|Any CPU
	EndGlobalSection
	GlobalSection(ProjectConfigurationPlatforms) = postSolution
		{5D9C6EC7-17FA-4852-BF6E-AB9DDE5607D4}.Debug|Any CPU.ActiveCfg = Debug|Any CPU
		{5D9C6EC7-17FA-4852-BF6E-AB9DDE5607D4}.Debug|Any CPU.Build.0 = Debug|Any CPU
		{5D9C6EC7-17FA-4852-BF6E-AB9DDE5607D4}.Release|Any CPU.ActiveCfg = Release|Any CPU
		{5D9C6EC7-17FA-4852-BF6E-AB9DDE5607D4}.Release|Any CPU.Build.0 = Release|Any CPU
		{F261EA2E-A12E-45C9-98DE-66E7DBE4D731}.Debug|Any CPU.ActiveCfg = Debug|Any CPU
		{F261EA2E-A12E-45C9-98DE-66E7DBE4D731}.Debug|Any CPU.Build.0 = Debug|Any CPU
		{F261EA2E-A12E-45C9-98DE-66E7DBE4D731}.Release|Any CPU.ActiveCfg = Release|Any CPU
		{F261EA2E-A12E-45C9-98DE-66E7DBE4D731}.Release|Any CPU.Build.0 = Release|Any CPU
		{9A1F865E-BBFC-4735-BD98-316C2141C960}.Debug|Any CPU.ActiveCfg = Debug|Any CPU
		{9A1F865E-BBFC-4735-BD98-316C2141C960}.Debug|Any CPU.Build.0 = Debug|Any CPU
		{9A1F865E-BBFC-4735-BD98-316C2141C960}.Release|Any CPU.ActiveCfg = Release|Any CPU
		{9A1F865E-BBFC-4735-BD98-316C2141C960}.Release|Any CPU.Build.0 = Release|Any CPU
		{03421A7B-9985-451D-8076-0082B9CD294D}.Debug|Any CPU.ActiveCfg = Debug|Any CPU
		{03421A7B-9985-451D-8076-0082B9CD294D}.Debug|Any CPU.Build.0 = Debug|Any CPU
		{03421A7B-9985-451D-8076-0082B9CD294D}.Release|Any CPU.ActiveCfg = Release|Any CPU
		{03421A7B-9985-451D-8076-0082B9CD294D}.Release|Any CPU.Build.0 = Release|Any CPU
		{CF7F4585-DC33-4049-BECF-02BA66EB9C9D}.Debug|Any CPU.ActiveCfg = Debug|Any CPU
		{CF7F4585-DC33-4049-BECF-02BA66EB9C9D}.Debug|Any CPU.Build.0 = Debug|Any CPU
		{CF7F4585-DC33-4049-BECF-02BA66EB9C9D}.Release|Any CPU.ActiveCfg = Release|Any CPU
		{CF7F4585-DC33-4049-BECF-02BA66EB9C9D}.Release|Any CPU.Build.0 = Release|Any CPU
		{72363F41-4CC6-4D32-B43E-EC1E4BF96CF4}.Debug|Any CPU.ActiveCfg = Debug|Any CPU
		{72363F41-4CC6-4D32-B43E-EC1E4BF96CF4}.Debug|Any CPU.Build.0 = Debug|Any CPU
		{72363F41-4CC6-4D32-B43E-EC1E4BF96CF4}.Release|Any CPU.ActiveCfg = Release|Any CPU
		{72363F41-4CC6-4D32-B43E-EC1E4BF96CF4}.Release|Any CPU.Build.0 = Release|Any CPU
		{24F6A7BE-3E6A-4CDD-BC68-18D7E6E7DDE6}.Debug|Any CPU.ActiveCfg = Debug|Any CPU
		{24F6A7BE-3E6A-4CDD-BC68-18D7E6E7DDE6}.Debug|Any CPU.Build.0 = Debug|Any CPU
		{24F6A7BE-3E6A-4CDD-BC68-18D7E6E7DDE6}.Release|Any CPU.ActiveCfg = Release|Any CPU
		{24F6A7BE-3E6A-4CDD-BC68-18D7E6E7DDE6}.Release|Any CPU.Build.0 = Release|Any CPU
		{634012EB-D513-4B32-9878-882166B11CEC}.Debug|Any CPU.ActiveCfg = Debug|Any CPU
		{634012EB-D513-4B32-9878-882166B11CEC}.Debug|Any CPU.Build.0 = Debug|Any CPU
		{634012EB-D513-4B32-9878-882166B11CEC}.Release|Any CPU.ActiveCfg = Release|Any CPU
		{634012EB-D513-4B32-9878-882166B11CEC}.Release|Any CPU.Build.0 = Release|Any CPU
		{5266C7AB-F822-4929-A1B7-3D839D15157E}.Debug|Any CPU.ActiveCfg = Debug|Any CPU
		{5266C7AB-F822-4929-A1B7-3D839D15157E}.Debug|Any CPU.Build.0 = Debug|Any CPU
		{5266C7AB-F822-4929-A1B7-3D839D15157E}.Release|Any CPU.ActiveCfg = Release|Any CPU
		{5266C7AB-F822-4929-A1B7-3D839D15157E}.Release|Any CPU.Build.0 = Release|Any CPU
		{7BC35499-5F15-4CB3-A71B-4446E501C26E}.Debug|Any CPU.ActiveCfg = Debug|Any CPU
		{7BC35499-5F15-4CB3-A71B-4446E501C26E}.Debug|Any CPU.Build.0 = Debug|Any CPU
		{7BC35499-5F15-4CB3-A71B-4446E501C26E}.Release|Any CPU.ActiveCfg = Release|Any CPU
		{7BC35499-5F15-4CB3-A71B-4446E501C26E}.Release|Any CPU.Build.0 = Release|Any CPU
		{76DF2D7C-0922-4E08-997E-4FFEF885BD91}.Debug|Any CPU.ActiveCfg = Debug|Any CPU
		{76DF2D7C-0922-4E08-997E-4FFEF885BD91}.Debug|Any CPU.Build.0 = Debug|Any CPU
		{76DF2D7C-0922-4E08-997E-4FFEF885BD91}.Release|Any CPU.ActiveCfg = Release|Any CPU
		{76DF2D7C-0922-4E08-997E-4FFEF885BD91}.Release|Any CPU.Build.0 = Release|Any CPU
		{04147B9A-606B-4B1B-B940-EA103FD3A640}.Debug|Any CPU.ActiveCfg = Debug|Any CPU
		{04147B9A-606B-4B1B-B940-EA103FD3A640}.Debug|Any CPU.Build.0 = Debug|Any CPU
		{04147B9A-606B-4B1B-B940-EA103FD3A640}.Release|Any CPU.ActiveCfg = Release|Any CPU
		{04147B9A-606B-4B1B-B940-EA103FD3A640}.Release|Any CPU.Build.0 = Release|Any CPU
		{03CC1301-67E7-45CF-A72D-803C817D7887}.Debug|Any CPU.ActiveCfg = Debug|Any CPU
		{03CC1301-67E7-45CF-A72D-803C817D7887}.Debug|Any CPU.Build.0 = Debug|Any CPU
		{03CC1301-67E7-45CF-A72D-803C817D7887}.Release|Any CPU.ActiveCfg = Release|Any CPU
		{03CC1301-67E7-45CF-A72D-803C817D7887}.Release|Any CPU.Build.0 = Release|Any CPU
		{12E69073-66FA-40A6-80BA-E9AFCB751626}.Debug|Any CPU.ActiveCfg = Debug|Any CPU
		{12E69073-66FA-40A6-80BA-E9AFCB751626}.Debug|Any CPU.Build.0 = Debug|Any CPU
		{12E69073-66FA-40A6-80BA-E9AFCB751626}.Release|Any CPU.ActiveCfg = Release|Any CPU
		{12E69073-66FA-40A6-80BA-E9AFCB751626}.Release|Any CPU.Build.0 = Release|Any CPU
		{23104EA3-74C5-4E8A-B010-F29CAADA9C3F}.Debug|Any CPU.ActiveCfg = Debug|Any CPU
		{23104EA3-74C5-4E8A-B010-F29CAADA9C3F}.Debug|Any CPU.Build.0 = Debug|Any CPU
		{23104EA3-74C5-4E8A-B010-F29CAADA9C3F}.Release|Any CPU.ActiveCfg = Release|Any CPU
		{23104EA3-74C5-4E8A-B010-F29CAADA9C3F}.Release|Any CPU.Build.0 = Release|Any CPU
		{F251767F-9B07-4C2C-9AFA-49D48F8786C0}.Debug|Any CPU.ActiveCfg = Debug|Any CPU
		{F251767F-9B07-4C2C-9AFA-49D48F8786C0}.Debug|Any CPU.Build.0 = Debug|Any CPU
		{F251767F-9B07-4C2C-9AFA-49D48F8786C0}.Release|Any CPU.ActiveCfg = Release|Any CPU
		{F251767F-9B07-4C2C-9AFA-49D48F8786C0}.Release|Any CPU.Build.0 = Release|Any CPU
		{911A8A43-778E-49C6-852E-32B26A4DB962}.Debug|Any CPU.ActiveCfg = Debug|Any CPU
		{911A8A43-778E-49C6-852E-32B26A4DB962}.Debug|Any CPU.Build.0 = Debug|Any CPU
		{911A8A43-778E-49C6-852E-32B26A4DB962}.Release|Any CPU.ActiveCfg = Release|Any CPU
		{911A8A43-778E-49C6-852E-32B26A4DB962}.Release|Any CPU.Build.0 = Release|Any CPU
		{232F66F9-6AEF-4C47-B19C-1FD0AABA5A91}.Debug|Any CPU.ActiveCfg = Debug|Any CPU
		{232F66F9-6AEF-4C47-B19C-1FD0AABA5A91}.Debug|Any CPU.Build.0 = Debug|Any CPU
		{232F66F9-6AEF-4C47-B19C-1FD0AABA5A91}.Release|Any CPU.ActiveCfg = Release|Any CPU
		{232F66F9-6AEF-4C47-B19C-1FD0AABA5A91}.Release|Any CPU.Build.0 = Release|Any CPU
		{089643DD-F90C-4669-B754-C016C9B548ED}.Debug|Any CPU.ActiveCfg = Debug|Any CPU
		{089643DD-F90C-4669-B754-C016C9B548ED}.Debug|Any CPU.Build.0 = Debug|Any CPU
		{089643DD-F90C-4669-B754-C016C9B548ED}.Release|Any CPU.ActiveCfg = Release|Any CPU
		{089643DD-F90C-4669-B754-C016C9B548ED}.Release|Any CPU.Build.0 = Release|Any CPU
		{BA5F40B4-69D8-4B0B-B01D-AC0BEB543DC4}.Debug|Any CPU.ActiveCfg = Debug|Any CPU
		{BA5F40B4-69D8-4B0B-B01D-AC0BEB543DC4}.Debug|Any CPU.Build.0 = Debug|Any CPU
		{BA5F40B4-69D8-4B0B-B01D-AC0BEB543DC4}.Release|Any CPU.ActiveCfg = Release|Any CPU
		{BA5F40B4-69D8-4B0B-B01D-AC0BEB543DC4}.Release|Any CPU.Build.0 = Release|Any CPU
		{6F3B0DEB-8C8E-4A20-BD95-B8A4D4B04554}.Debug|Any CPU.ActiveCfg = Debug|Any CPU
		{6F3B0DEB-8C8E-4A20-BD95-B8A4D4B04554}.Debug|Any CPU.Build.0 = Debug|Any CPU
		{6F3B0DEB-8C8E-4A20-BD95-B8A4D4B04554}.Release|Any CPU.ActiveCfg = Release|Any CPU
		{6F3B0DEB-8C8E-4A20-BD95-B8A4D4B04554}.Release|Any CPU.Build.0 = Release|Any CPU
		{E508A60A-6BA3-4F37-8F7D-F71BA01FF207}.Debug|Any CPU.ActiveCfg = Debug|Any CPU
		{E508A60A-6BA3-4F37-8F7D-F71BA01FF207}.Debug|Any CPU.Build.0 = Debug|Any CPU
		{E508A60A-6BA3-4F37-8F7D-F71BA01FF207}.Release|Any CPU.ActiveCfg = Release|Any CPU
		{E508A60A-6BA3-4F37-8F7D-F71BA01FF207}.Release|Any CPU.Build.0 = Release|Any CPU
		{A8A7B5CE-CD83-408D-92B8-EAA97179CBFD}.Debug|Any CPU.ActiveCfg = Debug|Any CPU
		{A8A7B5CE-CD83-408D-92B8-EAA97179CBFD}.Debug|Any CPU.Build.0 = Debug|Any CPU
		{A8A7B5CE-CD83-408D-92B8-EAA97179CBFD}.Release|Any CPU.ActiveCfg = Release|Any CPU
		{A8A7B5CE-CD83-408D-92B8-EAA97179CBFD}.Release|Any CPU.Build.0 = Release|Any CPU
		{29D103D1-F9B7-4B22-819F-5AE28B3A4BD0}.Debug|Any CPU.ActiveCfg = Debug|Any CPU
		{29D103D1-F9B7-4B22-819F-5AE28B3A4BD0}.Debug|Any CPU.Build.0 = Debug|Any CPU
		{29D103D1-F9B7-4B22-819F-5AE28B3A4BD0}.Release|Any CPU.ActiveCfg = Release|Any CPU
		{29D103D1-F9B7-4B22-819F-5AE28B3A4BD0}.Release|Any CPU.Build.0 = Release|Any CPU
		{674F1BCA-96F9-4884-AF80-7781698C040D}.Debug|Any CPU.ActiveCfg = Debug|Any CPU
		{674F1BCA-96F9-4884-AF80-7781698C040D}.Debug|Any CPU.Build.0 = Debug|Any CPU
		{674F1BCA-96F9-4884-AF80-7781698C040D}.Release|Any CPU.ActiveCfg = Release|Any CPU
		{674F1BCA-96F9-4884-AF80-7781698C040D}.Release|Any CPU.Build.0 = Release|Any CPU
		{E4FD8408-3660-46D2-B65A-4BADE7FBA0D8}.Debug|Any CPU.ActiveCfg = Debug|Any CPU
		{E4FD8408-3660-46D2-B65A-4BADE7FBA0D8}.Debug|Any CPU.Build.0 = Debug|Any CPU
		{E4FD8408-3660-46D2-B65A-4BADE7FBA0D8}.Release|Any CPU.ActiveCfg = Release|Any CPU
		{E4FD8408-3660-46D2-B65A-4BADE7FBA0D8}.Release|Any CPU.Build.0 = Release|Any CPU
		{6980FAC3-DC9B-4472-B366-E91C96A2B5C7}.Debug|Any CPU.ActiveCfg = Debug|Any CPU
		{6980FAC3-DC9B-4472-B366-E91C96A2B5C7}.Debug|Any CPU.Build.0 = Debug|Any CPU
		{6980FAC3-DC9B-4472-B366-E91C96A2B5C7}.Release|Any CPU.ActiveCfg = Release|Any CPU
		{6980FAC3-DC9B-4472-B366-E91C96A2B5C7}.Release|Any CPU.Build.0 = Release|Any CPU
		{D47EE810-E897-4F7C-B84E-0097149F7E38}.Debug|Any CPU.ActiveCfg = Debug|Any CPU
		{D47EE810-E897-4F7C-B84E-0097149F7E38}.Debug|Any CPU.Build.0 = Debug|Any CPU
		{D47EE810-E897-4F7C-B84E-0097149F7E38}.Release|Any CPU.ActiveCfg = Release|Any CPU
		{D47EE810-E897-4F7C-B84E-0097149F7E38}.Release|Any CPU.Build.0 = Release|Any CPU
		{24293E01-946B-4344-AF24-02B492DA4A0D}.Debug|Any CPU.ActiveCfg = Debug|Any CPU
		{24293E01-946B-4344-AF24-02B492DA4A0D}.Debug|Any CPU.Build.0 = Debug|Any CPU
		{24293E01-946B-4344-AF24-02B492DA4A0D}.Release|Any CPU.ActiveCfg = Release|Any CPU
		{24293E01-946B-4344-AF24-02B492DA4A0D}.Release|Any CPU.Build.0 = Release|Any CPU
		{0C2E2465-8F9D-44E2-BC59-012C3542D029}.Debug|Any CPU.ActiveCfg = Debug|Any CPU
		{0C2E2465-8F9D-44E2-BC59-012C3542D029}.Debug|Any CPU.Build.0 = Debug|Any CPU
		{0C2E2465-8F9D-44E2-BC59-012C3542D029}.Release|Any CPU.ActiveCfg = Release|Any CPU
		{0C2E2465-8F9D-44E2-BC59-012C3542D029}.Release|Any CPU.Build.0 = Release|Any CPU
		{7A74A294-2AEC-47DE-A453-70EC629A7CDD}.Debug|Any CPU.ActiveCfg = Debug|Any CPU
		{7A74A294-2AEC-47DE-A453-70EC629A7CDD}.Debug|Any CPU.Build.0 = Debug|Any CPU
		{7A74A294-2AEC-47DE-A453-70EC629A7CDD}.Release|Any CPU.ActiveCfg = Release|Any CPU
		{7A74A294-2AEC-47DE-A453-70EC629A7CDD}.Release|Any CPU.Build.0 = Release|Any CPU
		{905F0E2E-5D3A-4C16-872C-174D2095C011}.Debug|Any CPU.ActiveCfg = Debug|Any CPU
		{905F0E2E-5D3A-4C16-872C-174D2095C011}.Debug|Any CPU.Build.0 = Debug|Any CPU
		{905F0E2E-5D3A-4C16-872C-174D2095C011}.Release|Any CPU.ActiveCfg = Release|Any CPU
		{905F0E2E-5D3A-4C16-872C-174D2095C011}.Release|Any CPU.Build.0 = Release|Any CPU
		{BADE25A9-2DC4-44FC-9C6D-98AC31E32FAE}.Debug|Any CPU.ActiveCfg = Debug|Any CPU
		{BADE25A9-2DC4-44FC-9C6D-98AC31E32FAE}.Debug|Any CPU.Build.0 = Debug|Any CPU
		{BADE25A9-2DC4-44FC-9C6D-98AC31E32FAE}.Release|Any CPU.ActiveCfg = Release|Any CPU
		{BADE25A9-2DC4-44FC-9C6D-98AC31E32FAE}.Release|Any CPU.Build.0 = Release|Any CPU
		{BAB769B8-AE48-4335-A821-16AD8808B569}.Debug|Any CPU.ActiveCfg = Debug|Any CPU
		{BAB769B8-AE48-4335-A821-16AD8808B569}.Debug|Any CPU.Build.0 = Debug|Any CPU
		{BAB769B8-AE48-4335-A821-16AD8808B569}.Release|Any CPU.ActiveCfg = Release|Any CPU
		{BAB769B8-AE48-4335-A821-16AD8808B569}.Release|Any CPU.Build.0 = Release|Any CPU
		{5482B8B3-F269-4F5D-92C7-E1AEBF21AA2C}.Debug|Any CPU.ActiveCfg = Debug|Any CPU
		{5482B8B3-F269-4F5D-92C7-E1AEBF21AA2C}.Debug|Any CPU.Build.0 = Debug|Any CPU
		{5482B8B3-F269-4F5D-92C7-E1AEBF21AA2C}.Release|Any CPU.ActiveCfg = Release|Any CPU
		{5482B8B3-F269-4F5D-92C7-E1AEBF21AA2C}.Release|Any CPU.Build.0 = Release|Any CPU
		{0425C26E-09C1-4D7B-B2ED-5B2665B4C664}.Debug|Any CPU.ActiveCfg = Debug|Any CPU
		{0425C26E-09C1-4D7B-B2ED-5B2665B4C664}.Debug|Any CPU.Build.0 = Debug|Any CPU
		{0425C26E-09C1-4D7B-B2ED-5B2665B4C664}.Release|Any CPU.ActiveCfg = Release|Any CPU
		{0425C26E-09C1-4D7B-B2ED-5B2665B4C664}.Release|Any CPU.Build.0 = Release|Any CPU
		{FFC6F9FD-9057-4FEB-BDD2-6F0FCF11AE8E}.Debug|Any CPU.ActiveCfg = Debug|Any CPU
		{FFC6F9FD-9057-4FEB-BDD2-6F0FCF11AE8E}.Debug|Any CPU.Build.0 = Debug|Any CPU
		{FFC6F9FD-9057-4FEB-BDD2-6F0FCF11AE8E}.Release|Any CPU.ActiveCfg = Release|Any CPU
		{FFC6F9FD-9057-4FEB-BDD2-6F0FCF11AE8E}.Release|Any CPU.Build.0 = Release|Any CPU
		{2A1CF0F9-7D4C-4BAA-A358-E9BF4F9833D1}.Debug|Any CPU.ActiveCfg = Debug|Any CPU
		{2A1CF0F9-7D4C-4BAA-A358-E9BF4F9833D1}.Debug|Any CPU.Build.0 = Debug|Any CPU
		{2A1CF0F9-7D4C-4BAA-A358-E9BF4F9833D1}.Release|Any CPU.ActiveCfg = Release|Any CPU
		{2A1CF0F9-7D4C-4BAA-A358-E9BF4F9833D1}.Release|Any CPU.Build.0 = Release|Any CPU
		{9C829D27-C537-4803-8DB7-5253917BCB8D}.Debug|Any CPU.ActiveCfg = Debug|Any CPU
		{9C829D27-C537-4803-8DB7-5253917BCB8D}.Debug|Any CPU.Build.0 = Debug|Any CPU
		{9C829D27-C537-4803-8DB7-5253917BCB8D}.Release|Any CPU.ActiveCfg = Release|Any CPU
		{9C829D27-C537-4803-8DB7-5253917BCB8D}.Release|Any CPU.Build.0 = Release|Any CPU
		{5151F1E4-32F2-41B8-AE4A-0858AA2F3CF1}.Debug|Any CPU.ActiveCfg = Debug|Any CPU
		{5151F1E4-32F2-41B8-AE4A-0858AA2F3CF1}.Debug|Any CPU.Build.0 = Debug|Any CPU
		{5151F1E4-32F2-41B8-AE4A-0858AA2F3CF1}.Release|Any CPU.ActiveCfg = Release|Any CPU
		{5151F1E4-32F2-41B8-AE4A-0858AA2F3CF1}.Release|Any CPU.Build.0 = Release|Any CPU
		{C37170B5-D01C-44AD-8369-A5FE8B38259B}.Debug|Any CPU.ActiveCfg = Debug|Any CPU
		{C37170B5-D01C-44AD-8369-A5FE8B38259B}.Debug|Any CPU.Build.0 = Debug|Any CPU
		{C37170B5-D01C-44AD-8369-A5FE8B38259B}.Release|Any CPU.ActiveCfg = Release|Any CPU
		{C37170B5-D01C-44AD-8369-A5FE8B38259B}.Release|Any CPU.Build.0 = Release|Any CPU
		{39A3BC08-B9E6-4F93-BCC0-104382E97B3F}.Debug|Any CPU.ActiveCfg = Debug|Any CPU
		{39A3BC08-B9E6-4F93-BCC0-104382E97B3F}.Debug|Any CPU.Build.0 = Debug|Any CPU
		{39A3BC08-B9E6-4F93-BCC0-104382E97B3F}.Release|Any CPU.ActiveCfg = Release|Any CPU
		{39A3BC08-B9E6-4F93-BCC0-104382E97B3F}.Release|Any CPU.Build.0 = Release|Any CPU
		{7F3BC841-DFF2-46B1-AC56-6DE6764ACB11}.Debug|Any CPU.ActiveCfg = Debug|Any CPU
		{7F3BC841-DFF2-46B1-AC56-6DE6764ACB11}.Debug|Any CPU.Build.0 = Debug|Any CPU
		{7F3BC841-DFF2-46B1-AC56-6DE6764ACB11}.Release|Any CPU.ActiveCfg = Release|Any CPU
		{7F3BC841-DFF2-46B1-AC56-6DE6764ACB11}.Release|Any CPU.Build.0 = Release|Any CPU
		{A69E130D-7561-45D7-9C4F-4392F35D2DC6}.Debug|Any CPU.ActiveCfg = Debug|Any CPU
		{A69E130D-7561-45D7-9C4F-4392F35D2DC6}.Debug|Any CPU.Build.0 = Debug|Any CPU
		{A69E130D-7561-45D7-9C4F-4392F35D2DC6}.Release|Any CPU.ActiveCfg = Release|Any CPU
		{A69E130D-7561-45D7-9C4F-4392F35D2DC6}.Release|Any CPU.Build.0 = Release|Any CPU
		{028F20CB-E436-49FB-9337-969B01B7303E}.Debug|Any CPU.ActiveCfg = Debug|Any CPU
		{028F20CB-E436-49FB-9337-969B01B7303E}.Debug|Any CPU.Build.0 = Debug|Any CPU
		{028F20CB-E436-49FB-9337-969B01B7303E}.Release|Any CPU.ActiveCfg = Release|Any CPU
		{028F20CB-E436-49FB-9337-969B01B7303E}.Release|Any CPU.Build.0 = Release|Any CPU
		{457618B6-AC65-4164-9A20-9248FB575EAF}.Debug|Any CPU.ActiveCfg = Debug|Any CPU
		{457618B6-AC65-4164-9A20-9248FB575EAF}.Debug|Any CPU.Build.0 = Debug|Any CPU
		{457618B6-AC65-4164-9A20-9248FB575EAF}.Release|Any CPU.ActiveCfg = Release|Any CPU
		{457618B6-AC65-4164-9A20-9248FB575EAF}.Release|Any CPU.Build.0 = Release|Any CPU
		{AA96DF89-5D1F-420A-935D-051DA2C009DC}.Debug|Any CPU.ActiveCfg = Debug|Any CPU
		{AA96DF89-5D1F-420A-935D-051DA2C009DC}.Debug|Any CPU.Build.0 = Debug|Any CPU
		{AA96DF89-5D1F-420A-935D-051DA2C009DC}.Release|Any CPU.ActiveCfg = Release|Any CPU
		{AA96DF89-5D1F-420A-935D-051DA2C009DC}.Release|Any CPU.Build.0 = Release|Any CPU
	EndGlobalSection
	GlobalSection(SolutionProperties) = preSolution
		HideSolutionNode = FALSE
	EndGlobalSection
	GlobalSection(ExtensibilityGlobals) = postSolution
		SolutionGuid = {0C340AF6-D6D5-436A-9B85-1CB3A3BEAC46}
	EndGlobalSection
EndGlobal
